
Microsoft Visual Studio Solution File, Format Version 12.00
Project("{FAE04EC0-301F-11D3-BF4B-00C04F79EFBC}") = "PrimeiroProjeto", "PrimeiroProjeto\PrimeiroProjeto.csproj", "{4795A945-C5E5-4A01-B4BC-122D615EC9AD}"
EndProject
Project("{2150E333-8FDC-42A3-9474-1A3956D46DE8}") = "Section2", "Section2", "{93BAF845-0110-4A40-AA1A-E56C2A58D542}"
EndProject
Project("{2150E333-8FDC-42A3-9474-1A3956D46DE8}") = "Section3", "Section3", "{9778F1ED-8213-41BA-9C7A-32BCBDB187DC}"
EndProject
Project("{FAE04EC0-301F-11D3-BF4B-00C04F79EFBC}") = "Course", "Course\Course.csproj", "{16BD9B63-8863-4A0A-B35B-033E1A2307A3}"
EndProject
Project("{FAE04EC0-301F-11D3-BF4B-00C04F79EFBC}") = "DataOutput", "DataOutput\DataOutput.csproj", "{645081D9-2ADB-4C71-8A7F-0BC4D7021727}"
EndProject
Project("{FAE04EC0-301F-11D3-BF4B-00C04F79EFBC}") = "Exercicio01", "Exercicio01\Exercicio01.csproj", "{0FDAEE59-08AB-48FD-9FA9-01EE60BD4E6B}"
EndProject
Global
	GlobalSection(SolutionConfigurationPlatforms) = preSolution
		Debug|Any CPU = Debug|Any CPU
		Release|Any CPU = Release|Any CPU
	EndGlobalSection
	GlobalSection(ProjectConfigurationPlatforms) = postSolution
		{4795A945-C5E5-4A01-B4BC-122D615EC9AD}.Debug|Any CPU.ActiveCfg = Debug|Any CPU
		{4795A945-C5E5-4A01-B4BC-122D615EC9AD}.Debug|Any CPU.Build.0 = Debug|Any CPU
		{4795A945-C5E5-4A01-B4BC-122D615EC9AD}.Release|Any CPU.ActiveCfg = Release|Any CPU
		{4795A945-C5E5-4A01-B4BC-122D615EC9AD}.Release|Any CPU.Build.0 = Release|Any CPU
		{16BD9B63-8863-4A0A-B35B-033E1A2307A3}.Debug|Any CPU.ActiveCfg = Debug|Any CPU
		{16BD9B63-8863-4A0A-B35B-033E1A2307A3}.Debug|Any CPU.Build.0 = Debug|Any CPU
		{16BD9B63-8863-4A0A-B35B-033E1A2307A3}.Release|Any CPU.ActiveCfg = Release|Any CPU
		{16BD9B63-8863-4A0A-B35B-033E1A2307A3}.Release|Any CPU.Build.0 = Release|Any CPU
		{645081D9-2ADB-4C71-8A7F-0BC4D7021727}.Debug|Any CPU.ActiveCfg = Debug|Any CPU
		{645081D9-2ADB-4C71-8A7F-0BC4D7021727}.Debug|Any CPU.Build.0 = Debug|Any CPU
		{645081D9-2ADB-4C71-8A7F-0BC4D7021727}.Release|Any CPU.ActiveCfg = Release|Any CPU
		{645081D9-2ADB-4C71-8A7F-0BC4D7021727}.Release|Any CPU.Build.0 = Release|Any CPU
		{0FDAEE59-08AB-48FD-9FA9-01EE60BD4E6B}.Debug|Any CPU.ActiveCfg = Debug|Any CPU
		{0FDAEE59-08AB-48FD-9FA9-01EE60BD4E6B}.Debug|Any CPU.Build.0 = Debug|Any CPU
		{0FDAEE59-08AB-48FD-9FA9-01EE60BD4E6B}.Release|Any CPU.ActiveCfg = Release|Any CPU
		{0FDAEE59-08AB-48FD-9FA9-01EE60BD4E6B}.Release|Any CPU.Build.0 = Release|Any CPU
	EndGlobalSection
	GlobalSection(NestedProjects) = preSolution
		{4795A945-C5E5-4A01-B4BC-122D615EC9AD} = {93BAF845-0110-4A40-AA1A-E56C2A58D542}
		{16BD9B63-8863-4A0A-B35B-033E1A2307A3} = {9778F1ED-8213-41BA-9C7A-32BCBDB187DC}
		{645081D9-2ADB-4C71-8A7F-0BC4D7021727} = {9778F1ED-8213-41BA-9C7A-32BCBDB187DC}
		{0FDAEE59-08AB-48FD-9FA9-01EE60BD4E6B} = {9778F1ED-8213-41BA-9C7A-32BCBDB187DC}
	EndGlobalSection
EndGlobal
