
Microsoft Visual Studio Solution File, Format Version 12.00
Project("{FAE04EC0-301F-11D3-BF4B-00C04F79EFBC}") = "PrimeiroProjeto", "PrimeiroProjeto\PrimeiroProjeto.csproj", "{4795A945-C5E5-4A01-B4BC-122D615EC9AD}"
EndProject
Project("{2150E333-8FDC-42A3-9474-1A3956D46DE8}") = "Section2", "Section2", "{93BAF845-0110-4A40-AA1A-E56C2A58D542}"
EndProject
Project("{2150E333-8FDC-42A3-9474-1A3956D46DE8}") = "Section3", "Section3", "{9778F1ED-8213-41BA-9C7A-32BCBDB187DC}"
EndProject
Project("{FAE04EC0-301F-11D3-BF4B-00C04F79EFBC}") = "Course", "Course\Course.csproj", "{16BD9B63-8863-4A0A-B35B-033E1A2307A3}"
EndProject
Project("{FAE04EC0-301F-11D3-BF4B-00C04F79EFBC}") = "DataOutput", "DataOutput\DataOutput.csproj", "{645081D9-2ADB-4C71-8A7F-0BC4D7021727}"
EndProject
Project("{FAE04EC0-301F-11D3-BF4B-00C04F79EFBC}") = "FormatExercise", "FormatExercise\FormatExercise.csproj", "{0FDAEE59-08AB-48FD-9FA9-01EE60BD4E6B}"
EndProject
Project("{FAE04EC0-301F-11D3-BF4B-00C04F79EFBC}") = "AssignmentOperators", "AssignmentOperators\AssignmentOperators.csproj", "{902FBD68-29CB-426B-BA95-C6FF3A8B399D}"
EndProject
Project("{FAE04EC0-301F-11D3-BF4B-00C04F79EFBC}") = "CastingAndConversion", "CastingAndConversion\CastingAndConversion.csproj", "{AD8754E9-F901-4D3D-B95E-EC247F93965D}"
EndProject
Project("{FAE04EC0-301F-11D3-BF4B-00C04F79EFBC}") = "ArithmeticOperators", "ArithmeticOperators\ArithmeticOperators.csproj", "{AF1DB2A9-29A4-4468-B3F4-E544E50E0F3D}"
EndProject
Project("{2150E333-8FDC-42A3-9474-1A3956D46DE8}") = "DataInput", "DataInput", "{12DC5ADA-97D3-4CA2-A863-1B7A1123960A}"
EndProject
Project("{FAE04EC0-301F-11D3-BF4B-00C04F79EFBC}") = "Part1", "Part1\Part1.csproj", "{58CBE535-4177-46C1-A07C-AC750B8995AB}"
EndProject
Project("{FAE04EC0-301F-11D3-BF4B-00C04F79EFBC}") = "Part2", "Part2\Part2.csproj", "{F441461A-1C4E-49C2-878B-7C9CD69BEDBE}"
EndProject
Project("{FAE04EC0-301F-11D3-BF4B-00C04F79EFBC}") = "Exercise", "Exercise\Exercise.csproj", "{6FEAAE4A-A345-4D40-B691-1D2B2B49E58A}"
EndProject
Project("{2150E333-8FDC-42A3-9474-1A3956D46DE8}") = "ExerciseList1", "ExerciseList1", "{834AC987-9109-4954-B3E0-AE1642D5ABE2}"
EndProject
Project("{FAE04EC0-301F-11D3-BF4B-00C04F79EFBC}") = "Exercise1", "Exercise1\Exercise1.csproj", "{EB1481AB-EFB9-4E65-97E0-E2F9D8240F5A}"
EndProject
Project("{FAE04EC0-301F-11D3-BF4B-00C04F79EFBC}") = "Exercise2", "Exercise2\Exercise2.csproj", "{22601DE6-A931-4FF9-8DCE-3223153D8636}"
EndProject
Project("{FAE04EC0-301F-11D3-BF4B-00C04F79EFBC}") = "Exercise3", "Exercise3\Exercise3.csproj", "{647B62E4-CE33-4419-ADEB-BA2D23581DA1}"
EndProject
Project("{FAE04EC0-301F-11D3-BF4B-00C04F79EFBC}") = "Exercise4", "Exercise4\Exercise4.csproj", "{06127968-953E-4AE5-9D73-43263416D514}"
EndProject
Project("{FAE04EC0-301F-11D3-BF4B-00C04F79EFBC}") = "Exercise5", "Exercise5\Exercise5.csproj", "{5406B005-A798-4628-880F-95002659A2ED}"
EndProject
Project("{FAE04EC0-301F-11D3-BF4B-00C04F79EFBC}") = "Exercise6", "Exercise6\Exercise6.csproj", "{BC4A319D-2CAA-47E4-ADC4-826161D5E02C}"
EndProject
Project("{FAE04EC0-301F-11D3-BF4B-00C04F79EFBC}") = "ComparativeOperators", "ComparativeOperators\ComparativeOperators.csproj", "{779C5095-6A3A-4D6A-A777-9AD341246943}"
EndProject
Project("{FAE04EC0-301F-11D3-BF4B-00C04F79EFBC}") = "LogicOperators", "LogicOperators\LogicOperators.csproj", "{A6C11B3F-5930-4AA3-BBEE-133BC0581715}"
EndProject
Project("{FAE04EC0-301F-11D3-BF4B-00C04F79EFBC}") = "ConditionalStructure", "ConditionalStructure\ConditionalStructure.csproj", "{3BF8A96B-1805-4C9C-9178-1FCB84713E21}"
EndProject
Project("{FAE04EC0-301F-11D3-BF4B-00C04F79EFBC}") = "ScopeAndInitialization", "ScopeAndInitialization\ScopeAndInitialization.csproj", "{ADF04B2E-B05D-4572-944E-CECB6C517B65}"
EndProject
Project("{2150E333-8FDC-42A3-9474-1A3956D46DE8}") = "ExerciseList2", "ExerciseList2", "{40E3BABA-44A6-45A0-A959-1217AA73A7FC}"
EndProject
Project("{FAE04EC0-301F-11D3-BF4B-00C04F79EFBC}") = "Exercise01", "Exercise01\Exercise01.csproj", "{0440FC70-9DC2-42C4-B617-D8C19782D9E8}"
EndProject
Project("{FAE04EC0-301F-11D3-BF4B-00C04F79EFBC}") = "Exercise02", "Exercise02\Exercise02.csproj", "{43B1280A-DC97-4092-B134-58E10CB5CF65}"
EndProject
Project("{FAE04EC0-301F-11D3-BF4B-00C04F79EFBC}") = "Exercise03", "Exercise03\Exercise03.csproj", "{33C263C2-91E3-4EFC-8316-9D735902349E}"
EndProject
Project("{FAE04EC0-301F-11D3-BF4B-00C04F79EFBC}") = "Exercise04", "Exercise04\Exercise04.csproj", "{3FC5359E-0092-4598-A5AF-F494833E9933}"
EndProject
Project("{FAE04EC0-301F-11D3-BF4B-00C04F79EFBC}") = "Exercise05", "Exercise05\Exercise05.csproj", "{ABD0054F-F3D8-4A14-9E40-3CD4FB7F71D2}"
EndProject
Project("{FAE04EC0-301F-11D3-BF4B-00C04F79EFBC}") = "Exercise06", "Exercise06\Exercise06.csproj", "{9EACDBF3-2D0F-464D-A574-CE3BB931D53F}"
EndProject
Project("{FAE04EC0-301F-11D3-BF4B-00C04F79EFBC}") = "Exercise07", "Exercise07\Exercise07.csproj", "{C98588F3-B90A-43D3-80C0-512A44D0021D}"
EndProject
Project("{FAE04EC0-301F-11D3-BF4B-00C04F79EFBC}") = "Exercise08", "Exercise08\Exercise08.csproj", "{37351005-2F2F-4334-A60D-C7C8294A49DC}"
EndProject
Global
	GlobalSection(SolutionConfigurationPlatforms) = preSolution
		Debug|Any CPU = Debug|Any CPU
		Release|Any CPU = Release|Any CPU
	EndGlobalSection
	GlobalSection(ProjectConfigurationPlatforms) = postSolution
		{4795A945-C5E5-4A01-B4BC-122D615EC9AD}.Debug|Any CPU.ActiveCfg = Debug|Any CPU
		{4795A945-C5E5-4A01-B4BC-122D615EC9AD}.Debug|Any CPU.Build.0 = Debug|Any CPU
		{4795A945-C5E5-4A01-B4BC-122D615EC9AD}.Release|Any CPU.ActiveCfg = Release|Any CPU
		{4795A945-C5E5-4A01-B4BC-122D615EC9AD}.Release|Any CPU.Build.0 = Release|Any CPU
		{16BD9B63-8863-4A0A-B35B-033E1A2307A3}.Debug|Any CPU.ActiveCfg = Debug|Any CPU
		{16BD9B63-8863-4A0A-B35B-033E1A2307A3}.Debug|Any CPU.Build.0 = Debug|Any CPU
		{16BD9B63-8863-4A0A-B35B-033E1A2307A3}.Release|Any CPU.ActiveCfg = Release|Any CPU
		{16BD9B63-8863-4A0A-B35B-033E1A2307A3}.Release|Any CPU.Build.0 = Release|Any CPU
		{645081D9-2ADB-4C71-8A7F-0BC4D7021727}.Debug|Any CPU.ActiveCfg = Debug|Any CPU
		{645081D9-2ADB-4C71-8A7F-0BC4D7021727}.Debug|Any CPU.Build.0 = Debug|Any CPU
		{645081D9-2ADB-4C71-8A7F-0BC4D7021727}.Release|Any CPU.ActiveCfg = Release|Any CPU
		{645081D9-2ADB-4C71-8A7F-0BC4D7021727}.Release|Any CPU.Build.0 = Release|Any CPU
		{0FDAEE59-08AB-48FD-9FA9-01EE60BD4E6B}.Debug|Any CPU.ActiveCfg = Debug|Any CPU
		{0FDAEE59-08AB-48FD-9FA9-01EE60BD4E6B}.Debug|Any CPU.Build.0 = Debug|Any CPU
		{0FDAEE59-08AB-48FD-9FA9-01EE60BD4E6B}.Release|Any CPU.ActiveCfg = Release|Any CPU
		{0FDAEE59-08AB-48FD-9FA9-01EE60BD4E6B}.Release|Any CPU.Build.0 = Release|Any CPU
		{902FBD68-29CB-426B-BA95-C6FF3A8B399D}.Debug|Any CPU.ActiveCfg = Debug|Any CPU
		{902FBD68-29CB-426B-BA95-C6FF3A8B399D}.Debug|Any CPU.Build.0 = Debug|Any CPU
		{902FBD68-29CB-426B-BA95-C6FF3A8B399D}.Release|Any CPU.ActiveCfg = Release|Any CPU
		{902FBD68-29CB-426B-BA95-C6FF3A8B399D}.Release|Any CPU.Build.0 = Release|Any CPU
		{AD8754E9-F901-4D3D-B95E-EC247F93965D}.Debug|Any CPU.ActiveCfg = Debug|Any CPU
		{AD8754E9-F901-4D3D-B95E-EC247F93965D}.Debug|Any CPU.Build.0 = Debug|Any CPU
		{AD8754E9-F901-4D3D-B95E-EC247F93965D}.Release|Any CPU.ActiveCfg = Release|Any CPU
		{AD8754E9-F901-4D3D-B95E-EC247F93965D}.Release|Any CPU.Build.0 = Release|Any CPU
		{AF1DB2A9-29A4-4468-B3F4-E544E50E0F3D}.Debug|Any CPU.ActiveCfg = Debug|Any CPU
		{AF1DB2A9-29A4-4468-B3F4-E544E50E0F3D}.Debug|Any CPU.Build.0 = Debug|Any CPU
		{AF1DB2A9-29A4-4468-B3F4-E544E50E0F3D}.Release|Any CPU.ActiveCfg = Release|Any CPU
		{AF1DB2A9-29A4-4468-B3F4-E544E50E0F3D}.Release|Any CPU.Build.0 = Release|Any CPU
		{58CBE535-4177-46C1-A07C-AC750B8995AB}.Debug|Any CPU.ActiveCfg = Debug|Any CPU
		{58CBE535-4177-46C1-A07C-AC750B8995AB}.Debug|Any CPU.Build.0 = Debug|Any CPU
		{58CBE535-4177-46C1-A07C-AC750B8995AB}.Release|Any CPU.ActiveCfg = Release|Any CPU
		{58CBE535-4177-46C1-A07C-AC750B8995AB}.Release|Any CPU.Build.0 = Release|Any CPU
		{F441461A-1C4E-49C2-878B-7C9CD69BEDBE}.Debug|Any CPU.ActiveCfg = Debug|Any CPU
		{F441461A-1C4E-49C2-878B-7C9CD69BEDBE}.Debug|Any CPU.Build.0 = Debug|Any CPU
		{F441461A-1C4E-49C2-878B-7C9CD69BEDBE}.Release|Any CPU.ActiveCfg = Release|Any CPU
		{F441461A-1C4E-49C2-878B-7C9CD69BEDBE}.Release|Any CPU.Build.0 = Release|Any CPU
		{6FEAAE4A-A345-4D40-B691-1D2B2B49E58A}.Debug|Any CPU.ActiveCfg = Debug|Any CPU
		{6FEAAE4A-A345-4D40-B691-1D2B2B49E58A}.Debug|Any CPU.Build.0 = Debug|Any CPU
		{6FEAAE4A-A345-4D40-B691-1D2B2B49E58A}.Release|Any CPU.ActiveCfg = Release|Any CPU
		{6FEAAE4A-A345-4D40-B691-1D2B2B49E58A}.Release|Any CPU.Build.0 = Release|Any CPU
		{EB1481AB-EFB9-4E65-97E0-E2F9D8240F5A}.Debug|Any CPU.ActiveCfg = Debug|Any CPU
		{EB1481AB-EFB9-4E65-97E0-E2F9D8240F5A}.Debug|Any CPU.Build.0 = Debug|Any CPU
		{EB1481AB-EFB9-4E65-97E0-E2F9D8240F5A}.Release|Any CPU.ActiveCfg = Release|Any CPU
		{EB1481AB-EFB9-4E65-97E0-E2F9D8240F5A}.Release|Any CPU.Build.0 = Release|Any CPU
		{22601DE6-A931-4FF9-8DCE-3223153D8636}.Debug|Any CPU.ActiveCfg = Debug|Any CPU
		{22601DE6-A931-4FF9-8DCE-3223153D8636}.Debug|Any CPU.Build.0 = Debug|Any CPU
		{22601DE6-A931-4FF9-8DCE-3223153D8636}.Release|Any CPU.ActiveCfg = Release|Any CPU
		{22601DE6-A931-4FF9-8DCE-3223153D8636}.Release|Any CPU.Build.0 = Release|Any CPU
		{647B62E4-CE33-4419-ADEB-BA2D23581DA1}.Debug|Any CPU.ActiveCfg = Debug|Any CPU
		{647B62E4-CE33-4419-ADEB-BA2D23581DA1}.Debug|Any CPU.Build.0 = Debug|Any CPU
		{647B62E4-CE33-4419-ADEB-BA2D23581DA1}.Release|Any CPU.ActiveCfg = Release|Any CPU
		{647B62E4-CE33-4419-ADEB-BA2D23581DA1}.Release|Any CPU.Build.0 = Release|Any CPU
		{06127968-953E-4AE5-9D73-43263416D514}.Debug|Any CPU.ActiveCfg = Debug|Any CPU
		{06127968-953E-4AE5-9D73-43263416D514}.Debug|Any CPU.Build.0 = Debug|Any CPU
		{06127968-953E-4AE5-9D73-43263416D514}.Release|Any CPU.ActiveCfg = Release|Any CPU
		{06127968-953E-4AE5-9D73-43263416D514}.Release|Any CPU.Build.0 = Release|Any CPU
		{5406B005-A798-4628-880F-95002659A2ED}.Debug|Any CPU.ActiveCfg = Debug|Any CPU
		{5406B005-A798-4628-880F-95002659A2ED}.Debug|Any CPU.Build.0 = Debug|Any CPU
		{5406B005-A798-4628-880F-95002659A2ED}.Release|Any CPU.ActiveCfg = Release|Any CPU
		{5406B005-A798-4628-880F-95002659A2ED}.Release|Any CPU.Build.0 = Release|Any CPU
		{BC4A319D-2CAA-47E4-ADC4-826161D5E02C}.Debug|Any CPU.ActiveCfg = Debug|Any CPU
		{BC4A319D-2CAA-47E4-ADC4-826161D5E02C}.Debug|Any CPU.Build.0 = Debug|Any CPU
		{BC4A319D-2CAA-47E4-ADC4-826161D5E02C}.Release|Any CPU.ActiveCfg = Release|Any CPU
		{BC4A319D-2CAA-47E4-ADC4-826161D5E02C}.Release|Any CPU.Build.0 = Release|Any CPU
		{779C5095-6A3A-4D6A-A777-9AD341246943}.Debug|Any CPU.ActiveCfg = Debug|Any CPU
		{779C5095-6A3A-4D6A-A777-9AD341246943}.Debug|Any CPU.Build.0 = Debug|Any CPU
		{779C5095-6A3A-4D6A-A777-9AD341246943}.Release|Any CPU.ActiveCfg = Release|Any CPU
		{779C5095-6A3A-4D6A-A777-9AD341246943}.Release|Any CPU.Build.0 = Release|Any CPU
		{A6C11B3F-5930-4AA3-BBEE-133BC0581715}.Debug|Any CPU.ActiveCfg = Debug|Any CPU
		{A6C11B3F-5930-4AA3-BBEE-133BC0581715}.Debug|Any CPU.Build.0 = Debug|Any CPU
		{A6C11B3F-5930-4AA3-BBEE-133BC0581715}.Release|Any CPU.ActiveCfg = Release|Any CPU
		{A6C11B3F-5930-4AA3-BBEE-133BC0581715}.Release|Any CPU.Build.0 = Release|Any CPU
		{3BF8A96B-1805-4C9C-9178-1FCB84713E21}.Debug|Any CPU.ActiveCfg = Debug|Any CPU
		{3BF8A96B-1805-4C9C-9178-1FCB84713E21}.Debug|Any CPU.Build.0 = Debug|Any CPU
		{3BF8A96B-1805-4C9C-9178-1FCB84713E21}.Release|Any CPU.ActiveCfg = Release|Any CPU
		{3BF8A96B-1805-4C9C-9178-1FCB84713E21}.Release|Any CPU.Build.0 = Release|Any CPU
		{ADF04B2E-B05D-4572-944E-CECB6C517B65}.Debug|Any CPU.ActiveCfg = Debug|Any CPU
		{ADF04B2E-B05D-4572-944E-CECB6C517B65}.Debug|Any CPU.Build.0 = Debug|Any CPU
		{ADF04B2E-B05D-4572-944E-CECB6C517B65}.Release|Any CPU.ActiveCfg = Release|Any CPU
		{ADF04B2E-B05D-4572-944E-CECB6C517B65}.Release|Any CPU.Build.0 = Release|Any CPU
		{0440FC70-9DC2-42C4-B617-D8C19782D9E8}.Debug|Any CPU.ActiveCfg = Debug|Any CPU
		{0440FC70-9DC2-42C4-B617-D8C19782D9E8}.Debug|Any CPU.Build.0 = Debug|Any CPU
		{0440FC70-9DC2-42C4-B617-D8C19782D9E8}.Release|Any CPU.ActiveCfg = Release|Any CPU
		{0440FC70-9DC2-42C4-B617-D8C19782D9E8}.Release|Any CPU.Build.0 = Release|Any CPU
		{43B1280A-DC97-4092-B134-58E10CB5CF65}.Debug|Any CPU.ActiveCfg = Debug|Any CPU
		{43B1280A-DC97-4092-B134-58E10CB5CF65}.Debug|Any CPU.Build.0 = Debug|Any CPU
		{43B1280A-DC97-4092-B134-58E10CB5CF65}.Release|Any CPU.ActiveCfg = Release|Any CPU
		{43B1280A-DC97-4092-B134-58E10CB5CF65}.Release|Any CPU.Build.0 = Release|Any CPU
		{33C263C2-91E3-4EFC-8316-9D735902349E}.Debug|Any CPU.ActiveCfg = Debug|Any CPU
		{33C263C2-91E3-4EFC-8316-9D735902349E}.Debug|Any CPU.Build.0 = Debug|Any CPU
		{33C263C2-91E3-4EFC-8316-9D735902349E}.Release|Any CPU.ActiveCfg = Release|Any CPU
		{33C263C2-91E3-4EFC-8316-9D735902349E}.Release|Any CPU.Build.0 = Release|Any CPU
		{3FC5359E-0092-4598-A5AF-F494833E9933}.Debug|Any CPU.ActiveCfg = Debug|Any CPU
		{3FC5359E-0092-4598-A5AF-F494833E9933}.Debug|Any CPU.Build.0 = Debug|Any CPU
		{3FC5359E-0092-4598-A5AF-F494833E9933}.Release|Any CPU.ActiveCfg = Release|Any CPU
		{3FC5359E-0092-4598-A5AF-F494833E9933}.Release|Any CPU.Build.0 = Release|Any CPU
		{ABD0054F-F3D8-4A14-9E40-3CD4FB7F71D2}.Debug|Any CPU.ActiveCfg = Debug|Any CPU
		{ABD0054F-F3D8-4A14-9E40-3CD4FB7F71D2}.Debug|Any CPU.Build.0 = Debug|Any CPU
		{ABD0054F-F3D8-4A14-9E40-3CD4FB7F71D2}.Release|Any CPU.ActiveCfg = Release|Any CPU
		{ABD0054F-F3D8-4A14-9E40-3CD4FB7F71D2}.Release|Any CPU.Build.0 = Release|Any CPU
		{9EACDBF3-2D0F-464D-A574-CE3BB931D53F}.Debug|Any CPU.ActiveCfg = Debug|Any CPU
		{9EACDBF3-2D0F-464D-A574-CE3BB931D53F}.Debug|Any CPU.Build.0 = Debug|Any CPU
		{9EACDBF3-2D0F-464D-A574-CE3BB931D53F}.Release|Any CPU.ActiveCfg = Release|Any CPU
		{9EACDBF3-2D0F-464D-A574-CE3BB931D53F}.Release|Any CPU.Build.0 = Release|Any CPU
		{C98588F3-B90A-43D3-80C0-512A44D0021D}.Debug|Any CPU.ActiveCfg = Debug|Any CPU
		{C98588F3-B90A-43D3-80C0-512A44D0021D}.Debug|Any CPU.Build.0 = Debug|Any CPU
		{C98588F3-B90A-43D3-80C0-512A44D0021D}.Release|Any CPU.ActiveCfg = Release|Any CPU
		{C98588F3-B90A-43D3-80C0-512A44D0021D}.Release|Any CPU.Build.0 = Release|Any CPU
		{37351005-2F2F-4334-A60D-C7C8294A49DC}.Debug|Any CPU.ActiveCfg = Debug|Any CPU
		{37351005-2F2F-4334-A60D-C7C8294A49DC}.Debug|Any CPU.Build.0 = Debug|Any CPU
		{37351005-2F2F-4334-A60D-C7C8294A49DC}.Release|Any CPU.ActiveCfg = Release|Any CPU
		{37351005-2F2F-4334-A60D-C7C8294A49DC}.Release|Any CPU.Build.0 = Release|Any CPU
	EndGlobalSection
	GlobalSection(NestedProjects) = preSolution
		{4795A945-C5E5-4A01-B4BC-122D615EC9AD} = {93BAF845-0110-4A40-AA1A-E56C2A58D542}
		{16BD9B63-8863-4A0A-B35B-033E1A2307A3} = {9778F1ED-8213-41BA-9C7A-32BCBDB187DC}
		{645081D9-2ADB-4C71-8A7F-0BC4D7021727} = {9778F1ED-8213-41BA-9C7A-32BCBDB187DC}
		{0FDAEE59-08AB-48FD-9FA9-01EE60BD4E6B} = {9778F1ED-8213-41BA-9C7A-32BCBDB187DC}
		{902FBD68-29CB-426B-BA95-C6FF3A8B399D} = {9778F1ED-8213-41BA-9C7A-32BCBDB187DC}
		{AD8754E9-F901-4D3D-B95E-EC247F93965D} = {9778F1ED-8213-41BA-9C7A-32BCBDB187DC}
		{AF1DB2A9-29A4-4468-B3F4-E544E50E0F3D} = {9778F1ED-8213-41BA-9C7A-32BCBDB187DC}
		{12DC5ADA-97D3-4CA2-A863-1B7A1123960A} = {9778F1ED-8213-41BA-9C7A-32BCBDB187DC}
		{58CBE535-4177-46C1-A07C-AC750B8995AB} = {12DC5ADA-97D3-4CA2-A863-1B7A1123960A}
		{F441461A-1C4E-49C2-878B-7C9CD69BEDBE} = {12DC5ADA-97D3-4CA2-A863-1B7A1123960A}
		{6FEAAE4A-A345-4D40-B691-1D2B2B49E58A} = {12DC5ADA-97D3-4CA2-A863-1B7A1123960A}
		{834AC987-9109-4954-B3E0-AE1642D5ABE2} = {9778F1ED-8213-41BA-9C7A-32BCBDB187DC}
		{EB1481AB-EFB9-4E65-97E0-E2F9D8240F5A} = {834AC987-9109-4954-B3E0-AE1642D5ABE2}
		{22601DE6-A931-4FF9-8DCE-3223153D8636} = {834AC987-9109-4954-B3E0-AE1642D5ABE2}
		{647B62E4-CE33-4419-ADEB-BA2D23581DA1} = {834AC987-9109-4954-B3E0-AE1642D5ABE2}
		{06127968-953E-4AE5-9D73-43263416D514} = {834AC987-9109-4954-B3E0-AE1642D5ABE2}
		{5406B005-A798-4628-880F-95002659A2ED} = {834AC987-9109-4954-B3E0-AE1642D5ABE2}
		{BC4A319D-2CAA-47E4-ADC4-826161D5E02C} = {834AC987-9109-4954-B3E0-AE1642D5ABE2}
		{779C5095-6A3A-4D6A-A777-9AD341246943} = {9778F1ED-8213-41BA-9C7A-32BCBDB187DC}
		{A6C11B3F-5930-4AA3-BBEE-133BC0581715} = {9778F1ED-8213-41BA-9C7A-32BCBDB187DC}
		{3BF8A96B-1805-4C9C-9178-1FCB84713E21} = {9778F1ED-8213-41BA-9C7A-32BCBDB187DC}
		{ADF04B2E-B05D-4572-944E-CECB6C517B65} = {9778F1ED-8213-41BA-9C7A-32BCBDB187DC}
		{40E3BABA-44A6-45A0-A959-1217AA73A7FC} = {9778F1ED-8213-41BA-9C7A-32BCBDB187DC}
		{0440FC70-9DC2-42C4-B617-D8C19782D9E8} = {40E3BABA-44A6-45A0-A959-1217AA73A7FC}
		{43B1280A-DC97-4092-B134-58E10CB5CF65} = {40E3BABA-44A6-45A0-A959-1217AA73A7FC}
		{33C263C2-91E3-4EFC-8316-9D735902349E} = {40E3BABA-44A6-45A0-A959-1217AA73A7FC}
		{3FC5359E-0092-4598-A5AF-F494833E9933} = {40E3BABA-44A6-45A0-A959-1217AA73A7FC}
		{ABD0054F-F3D8-4A14-9E40-3CD4FB7F71D2} = {40E3BABA-44A6-45A0-A959-1217AA73A7FC}
		{9EACDBF3-2D0F-464D-A574-CE3BB931D53F} = {40E3BABA-44A6-45A0-A959-1217AA73A7FC}
		{C98588F3-B90A-43D3-80C0-512A44D0021D} = {40E3BABA-44A6-45A0-A959-1217AA73A7FC}
		{37351005-2F2F-4334-A60D-C7C8294A49DC} = {40E3BABA-44A6-45A0-A959-1217AA73A7FC}
	EndGlobalSection
EndGlobal
